{
  "name": "aoc-2022",
  "version": "1.0.0",
  "lockfileVersion": 2,
  "requires": true,
  "packages": {
    "": {
      "name": "aoc-2022",
      "version": "1.0.0",
      "license": "MIT",
      "dependencies": {
        "jetty": "^0.2.1"
      },
      "devDependencies": {
        "@types/node": "^18.11.10"
      }
    },
    "node_modules/@types/node": {
      "version": "18.11.10",
      "resolved": "https://registry.npmjs.org/@types/node/-/node-18.11.10.tgz",
      "integrity": "sha512-juG3RWMBOqcOuXC643OAdSA525V44cVgGV6dUDuiFtss+8Fk5x1hI93Rsld43VeJVIeqlP9I7Fn9/qaVqoEAuQ==",
      "dev": true
    },
    "node_modules/jetty": {
      "version": "0.2.1",
      "resolved": "https://registry.npmjs.org/jetty/-/jetty-0.2.1.tgz",
      "integrity": "sha512-L7w5/tzjq6Pd0quDEj9uV0QplSexi68b0B+3CjjWD/aaWZwX5n/dsB03InNjkDWsGnbQ7iggzPSZcIJL3ldAzA==",
      "engines": {
        "node": "~0.10.0"
      }
    }
  },
  "dependencies": {
    "@types/node": {
      "version": "18.11.10",
      "resolved": "https://registry.npmjs.org/@types/node/-/node-18.11.10.tgz",
      "integrity": "sha512-juG3RWMBOqcOuXC643OAdSA525V44cVgGV6dUDuiFtss+8Fk5x1hI93Rsld43VeJVIeqlP9I7Fn9/qaVqoEAuQ==",
      "dev": true
    },
    "jetty": {
      "version": "0.2.1",
      "resolved": "https://registry.npmjs.org/jetty/-/jetty-0.2.1.tgz",
      "integrity": "sha512-L7w5/tzjq6Pd0quDEj9uV0QplSexi68b0B+3CjjWD/aaWZwX5n/dsB03InNjkDWsGnbQ7iggzPSZcIJL3ldAzA=="
    }
  }
}
